// !$*UTF8*$!
{
	archiveVersion = 1;
	classes = {
	};
	objectVersion = 46;
	objects = {

/* Begin PBXBuildFile section */
		E64E537A1D678B8C0000EAA1 /* AppDelegate.swift in Sources */ = {isa = PBXBuildFile; fileRef = E64E53791D678B8C0000EAA1 /* AppDelegate.swift */; };
		E64E537C1D678B8C0000EAA1 /* GameScene.sks in Resources */ = {isa = PBXBuildFile; fileRef = E64E537B1D678B8C0000EAA1 /* GameScene.sks */; };
		E64E537E1D678B8C0000EAA1 /* GameScene.swift in Sources */ = {isa = PBXBuildFile; fileRef = E64E537D1D678B8C0000EAA1 /* GameScene.swift */; };
		E64E53801D678B8C0000EAA1 /* GameViewController.swift in Sources */ = {isa = PBXBuildFile; fileRef = E64E537F1D678B8C0000EAA1 /* GameViewController.swift */; };
		E64E53831D678B8C0000EAA1 /* Main.storyboard in Resources */ = {isa = PBXBuildFile; fileRef = E64E53811D678B8C0000EAA1 /* Main.storyboard */; };
		E64E53851D678B8D0000EAA1 /* Assets.xcassets in Resources */ = {isa = PBXBuildFile; fileRef = E64E53841D678B8D0000EAA1 /* Assets.xcassets */; };
		E64E53881D678B8D0000EAA1 /* LaunchScreen.storyboard in Resources */ = {isa = PBXBuildFile; fileRef = E64E53861D678B8D0000EAA1 /* LaunchScreen.storyboard */; };
		E64E539D1D678BDA0000EAA1 /* background.jpg in Resources */ = {isa = PBXBuildFile; fileRef = E64E53901D678BDA0000EAA1 /* background.jpg */; };
		E64E539E1D678BDA0000EAA1 /* background@2x.jpg in Resources */ = {isa = PBXBuildFile; fileRef = E64E53911D678BDA0000EAA1 /* background@2x.jpg */; };
		E64E539F1D678BDA0000EAA1 /* block.png in Resources */ = {isa = PBXBuildFile; fileRef = E64E53921D678BDA0000EAA1 /* block.png */; };
		E64E53A01D678BDA0000EAA1 /* block@2x.png in Resources */ = {isa = PBXBuildFile; fileRef = E64E53931D678BDA0000EAA1 /* block@2x.png */; };
		E64E53A11D678BDA0000EAA1 /* finish.png in Resources */ = {isa = PBXBuildFile; fileRef = E64E53941D678BDA0000EAA1 /* finish.png */; };
		E64E53A21D678BDA0000EAA1 /* finish@2x.png in Resources */ = {isa = PBXBuildFile; fileRef = E64E53951D678BDA0000EAA1 /* finish@2x.png */; };
		E64E53A31D678BDA0000EAA1 /* level1.txt in Resources */ = {isa = PBXBuildFile; fileRef = E64E53961D678BDA0000EAA1 /* level1.txt */; };
		E64E53A41D678BDA0000EAA1 /* player.png in Resources */ = {isa = PBXBuildFile; fileRef = E64E53971D678BDA0000EAA1 /* player.png */; };
		E64E53A51D678BDA0000EAA1 /* player@2x.png in Resources */ = {isa = PBXBuildFile; fileRef = E64E53981D678BDA0000EAA1 /* player@2x.png */; };
		E64E53A61D678BDA0000EAA1 /* star.png in Resources */ = {isa = PBXBuildFile; fileRef = E64E53991D678BDA0000EAA1 /* star.png */; };
		E64E53A71D678BDA0000EAA1 /* star@2x.png in Resources */ = {isa = PBXBuildFile; fileRef = E64E539A1D678BDA0000EAA1 /* star@2x.png */; };
		E64E53A81D678BDA0000EAA1 /* vortex.png in Resources */ = {isa = PBXBuildFile; fileRef = E64E539B1D678BDA0000EAA1 /* vortex.png */; };
		E64E53A91D678BDA0000EAA1 /* vortex@2x.png in Resources */ = {isa = PBXBuildFile; fileRef = E64E539C1D678BDA0000EAA1 /* vortex@2x.png */; };
/* End PBXBuildFile section */

/* Begin PBXFileReference section */
		E64E53761D678B8C0000EAA1 /* HWS-project26.app */ = {isa = PBXFileReference; explicitFileType = wrapper.application; includeInIndex = 0; path = "HWS-project26.app"; sourceTree = BUILT_PRODUCTS_DIR; };
		E64E53791D678B8C0000EAA1 /* AppDelegate.swift */ = {isa = PBXFileReference; lastKnownFileType = sourcecode.swift; path = AppDelegate.swift; sourceTree = "<group>"; };
		E64E537B1D678B8C0000EAA1 /* GameScene.sks */ = {isa = PBXFileReference; lastKnownFileType = file.sks; path = GameScene.sks; sourceTree = "<group>"; };
		E64E537D1D678B8C0000EAA1 /* GameScene.swift */ = {isa = PBXFileReference; lastKnownFileType = sourcecode.swift; path = GameScene.swift; sourceTree = "<group>"; };
		E64E537F1D678B8C0000EAA1 /* GameViewController.swift */ = {isa = PBXFileReference; lastKnownFileType = sourcecode.swift; path = GameViewController.swift; sourceTree = "<group>"; };
		E64E53821D678B8C0000EAA1 /* Base */ = {isa = PBXFileReference; lastKnownFileType = file.storyboard; name = Base; path = Base.lproj/Main.storyboard; sourceTree = "<group>"; };
		E64E53841D678B8D0000EAA1 /* Assets.xcassets */ = {isa = PBXFileReference; lastKnownFileType = folder.assetcatalog; path = Assets.xcassets; sourceTree = "<group>"; };
		E64E53871D678B8D0000EAA1 /* Base */ = {isa = PBXFileReference; lastKnownFileType = file.storyboard; name = Base; path = Base.lproj/LaunchScreen.storyboard; sourceTree = "<group>"; };
		E64E53891D678B8D0000EAA1 /* Info.plist */ = {isa = PBXFileReference; lastKnownFileType = text.plist.xml; path = Info.plist; sourceTree = "<group>"; };
		E64E53901D678BDA0000EAA1 /* background.jpg */ = {isa = PBXFileReference; lastKnownFileType = image.jpeg; path = background.jpg; sourceTree = "<group>"; };
		E64E53911D678BDA0000EAA1 /* background@2x.jpg */ = {isa = PBXFileReference; lastKnownFileType = image.jpeg; path = "background@2x.jpg"; sourceTree = "<group>"; };
		E64E53921D678BDA0000EAA1 /* block.png */ = {isa = PBXFileReference; lastKnownFileType = image.png; path = block.png; sourceTree = "<group>"; };
		E64E53931D678BDA0000EAA1 /* block@2x.png */ = {isa = PBXFileReference; lastKnownFileType = image.png; path = "block@2x.png"; sourceTree = "<group>"; };
		E64E53941D678BDA0000EAA1 /* finish.png */ = {isa = PBXFileReference; lastKnownFileType = image.png; path = finish.png; sourceTree = "<group>"; };
		E64E53951D678BDA0000EAA1 /* finish@2x.png */ = {isa = PBXFileReference; lastKnownFileType = image.png; path = "finish@2x.png"; sourceTree = "<group>"; };
		E64E53961D678BDA0000EAA1 /* level1.txt */ = {isa = PBXFileReference; fileEncoding = 4; lastKnownFileType = text; path = level1.txt; sourceTree = "<group>"; };
		E64E53971D678BDA0000EAA1 /* player.png */ = {isa = PBXFileReference; lastKnownFileType = image.png; path = player.png; sourceTree = "<group>"; };
		E64E53981D678BDA0000EAA1 /* player@2x.png */ = {isa = PBXFileReference; lastKnownFileType = image.png; path = "player@2x.png"; sourceTree = "<group>"; };
		E64E53991D678BDA0000EAA1 /* star.png */ = {isa = PBXFileReference; lastKnownFileType = image.png; path = star.png; sourceTree = "<group>"; };
		E64E539A1D678BDA0000EAA1 /* star@2x.png */ = {isa = PBXFileReference; lastKnownFileType = image.png; path = "star@2x.png"; sourceTree = "<group>"; };
		E64E539B1D678BDA0000EAA1 /* vortex.png */ = {isa = PBXFileReference; lastKnownFileType = image.png; path = vortex.png; sourceTree = "<group>"; };
		E64E539C1D678BDA0000EAA1 /* vortex@2x.png */ = {isa = PBXFileReference; lastKnownFileType = image.png; path = "vortex@2x.png"; sourceTree = "<group>"; };
/* End PBXFileReference section */

/* Begin PBXFrameworksBuildPhase section */
		E64E53731D678B8C0000EAA1 /* Frameworks */ = {
			isa = PBXFrameworksBuildPhase;
			buildActionMask = 2147483647;
			files = (
			);
			runOnlyForDeploymentPostprocessing = 0;
		};
/* End PBXFrameworksBuildPhase section */

/* Begin PBXGroup section */
		E64E536D1D678B8C0000EAA1 = {
			isa = PBXGroup;
			children = (
				E64E53781D678B8C0000EAA1 /* HWS-project26 */,
				E64E53771D678B8C0000EAA1 /* Products */,
			);
			sourceTree = "<group>";
		};
		E64E53771D678B8C0000EAA1 /* Products */ = {
			isa = PBXGroup;
			children = (
				E64E53761D678B8C0000EAA1 /* HWS-project26.app */,
			);
			name = Products;
			sourceTree = "<group>";
		};
		E64E53781D678B8C0000EAA1 /* HWS-project26 */ = {
			isa = PBXGroup;
			children = (
				E64E53791D678B8C0000EAA1 /* AppDelegate.swift */,
				E64E537B1D678B8C0000EAA1 /* GameScene.sks */,
				E64E537D1D678B8C0000EAA1 /* GameScene.swift */,
				E64E537F1D678B8C0000EAA1 /* GameViewController.swift */,
				E64E53811D678B8C0000EAA1 /* Main.storyboard */,
				E64E53841D678B8D0000EAA1 /* Assets.xcassets */,
				E64E53861D678B8D0000EAA1 /* LaunchScreen.storyboard */,
				E64E53891D678B8D0000EAA1 /* Info.plist */,
				E64E538F1D678BDA0000EAA1 /* Content */,
			);
			path = "HWS-project26";
			sourceTree = "<group>";
		};
		E64E538F1D678BDA0000EAA1 /* Content */ = {
			isa = PBXGroup;
			children = (
				E64E53901D678BDA0000EAA1 /* background.jpg */,
				E64E53911D678BDA0000EAA1 /* background@2x.jpg */,
				E64E53921D678BDA0000EAA1 /* block.png */,
				E64E53931D678BDA0000EAA1 /* block@2x.png */,
				E64E53941D678BDA0000EAA1 /* finish.png */,
				E64E53951D678BDA0000EAA1 /* finish@2x.png */,
				E64E53961D678BDA0000EAA1 /* level1.txt */,
				E64E53971D678BDA0000EAA1 /* player.png */,
				E64E53981D678BDA0000EAA1 /* player@2x.png */,
				E64E53991D678BDA0000EAA1 /* star.png */,
				E64E539A1D678BDA0000EAA1 /* star@2x.png */,
				E64E539B1D678BDA0000EAA1 /* vortex.png */,
				E64E539C1D678BDA0000EAA1 /* vortex@2x.png */,
			);
			path = Content;
			sourceTree = "<group>";
		};
/* End PBXGroup section */

/* Begin PBXNativeTarget section */
		E64E53751D678B8C0000EAA1 /* HWS-project26 */ = {
			isa = PBXNativeTarget;
			buildConfigurationList = E64E538C1D678B8D0000EAA1 /* Build configuration list for PBXNativeTarget "HWS-project26" */;
			buildPhases = (
				E64E53721D678B8C0000EAA1 /* Sources */,
				E64E53731D678B8C0000EAA1 /* Frameworks */,
				E64E53741D678B8C0000EAA1 /* Resources */,
			);
			buildRules = (
			);
			dependencies = (
			);
			name = "HWS-project26";
			productName = "HWS-project26";
			productReference = E64E53761D678B8C0000EAA1 /* HWS-project26.app */;
			productType = "com.apple.product-type.application";
		};
/* End PBXNativeTarget section */

/* Begin PBXProject section */
		E64E536E1D678B8C0000EAA1 /* Project object */ = {
			isa = PBXProject;
			attributes = {
				LastSwiftUpdateCheck = 0730;
				LastUpgradeCheck = 0730;
				ORGANIZATIONNAME = "Nikema Prophet";
				TargetAttributes = {
					E64E53751D678B8C0000EAA1 = {
						CreatedOnToolsVersion = 7.3;
					};
				};
			};
			buildConfigurationList = E64E53711D678B8C0000EAA1 /* Build configuration list for PBXProject "HWS-project26" */;
			compatibilityVersion = "Xcode 3.2";
			developmentRegion = English;
			hasScannedForEncodings = 0;
			knownRegions = (
				en,
				Base,
			);
			mainGroup = E64E536D1D678B8C0000EAA1;
			productRefGroup = E64E53771D678B8C0000EAA1 /* Products */;
			projectDirPath = "";
			projectRoot = "";
			targets = (
				E64E53751D678B8C0000EAA1 /* HWS-project26 */,
			);
		};
/* End PBXProject section */

/* Begin PBXResourcesBuildPhase section */
		E64E53741D678B8C0000EAA1 /* Resources */ = {
			isa = PBXResourcesBuildPhase;
			buildActionMask = 2147483647;
			files = (
				E64E537C1D678B8C0000EAA1 /* GameScene.sks in Resources */,
				E64E539F1D678BDA0000EAA1 /* block.png in Resources */,
				E64E53A41D678BDA0000EAA1 /* player.png in Resources */,
				E64E539D1D678BDA0000EAA1 /* background.jpg in Resources */,
				E64E53881D678B8D0000EAA1 /* LaunchScreen.storyboard in Resources */,
				E64E53A81D678BDA0000EAA1 /* vortex.png in Resources */,
				E64E53A01D678BDA0000EAA1 /* block@2x.png in Resources */,
				E64E53A71D678BDA0000EAA1 /* star@2x.png in Resources */,
				E64E53851D678B8D0000EAA1 /* Assets.xcassets in Resources */,
				E64E539E1D678BDA0000EAA1 /* background@2x.jpg in Resources */,
				E64E53A21D678BDA0000EAA1 /* finish@2x.png in Resources */,
				E64E53A11D678BDA0000EAA1 /* finish.png in Resources */,
				E64E53A31D678BDA0000EAA1 /* level1.txt in Resources */,
				E64E53A61D678BDA0000EAA1 /* star.png in Resources */,
				E64E53A51D678BDA0000EAA1 /* player@2x.png in Resources */,
				E64E53A91D678BDA0000EAA1 /* vortex@2x.png in Resources */,
				E64E53831D678B8C0000EAA1 /* Main.storyboard in Resources */,
			);
			runOnlyForDeploymentPostprocessing = 0;
		};
/* End PBXResourcesBuildPhase section */

/* Begin PBXSourcesBuildPhase section */
		E64E53721D678B8C0000EAA1 /* Sources */ = {
			isa = PBXSourcesBuildPhase;
			buildActionMask = 2147483647;
			files = (
				E64E537E1D678B8C0000EAA1 /* GameScene.swift in Sources */,
				E64E53801D678B8C0000EAA1 /* GameViewController.swift in Sources */,
				E64E537A1D678B8C0000EAA1 /* AppDelegate.swift in Sources */,
			);
			runOnlyForDeploymentPostprocessing = 0;
		};
/* End PBXSourcesBuildPhase section */

/* Begin PBXVariantGroup section */
		E64E53811D678B8C0000EAA1 /* Main.storyboard */ = {
			isa = PBXVariantGroup;
			children = (
				E64E53821D678B8C0000EAA1 /* Base */,
			);
			name = Main.storyboard;
			sourceTree = "<group>";
		};
		E64E53861D678B8D0000EAA1 /* LaunchScreen.storyboard */ = {
			isa = PBXVariantGroup;
			children = (
				E64E53871D678B8D0000EAA1 /* Base */,
			);
			name = LaunchScreen.storyboard;
			sourceTree = "<group>";
		};
/* End PBXVariantGroup section */

/* Begin XCBuildConfiguration section */
		E64E538A1D678B8D0000EAA1 /* Debug */ = {
			isa = XCBuildConfiguration;
			buildSettings = {
				ALWAYS_SEARCH_USER_PATHS = NO;
				CLANG_ANALYZER_NONNULL = YES;
				CLANG_CXX_LANGUAGE_STANDARD = "gnu++0x";
				CLANG_CXX_LIBRARY = "libc++";
				CLANG_ENABLE_MODULES = YES;
				CLANG_ENABLE_OBJC_ARC = YES;
				CLANG_WARN_BOOL_CONVERSION = YES;
				CLANG_WARN_CONSTANT_CONVERSION = YES;
				CLANG_WARN_DIRECT_OBJC_ISA_USAGE = YES_ERROR;
				CLANG_WARN_EMPTY_BODY = YES;
				CLANG_WARN_ENUM_CONVERSION = YES;
				CLANG_WARN_INT_CONVERSION = YES;
				CLANG_WARN_OBJC_ROOT_CLASS = YES_ERROR;
				CLANG_WARN_UNREACHABLE_CODE = YES;
				CLANG_WARN__DUPLICATE_METHOD_MATCH = YES;
				"CODE_SIGN_IDENTITY[sdk=iphoneos*]" = "iPhone Developer";
				COPY_PHASE_STRIP = NO;
				DEBUG_INFORMATION_FORMAT = "dwarf-with-dsym";
				ENABLE_STRICT_OBJC_MSGSEND = YES;
				ENABLE_TESTABILITY = YES;
				GCC_C_LANGUAGE_STANDARD = gnu99;
				GCC_DYNAMIC_NO_PIC = NO;
				GCC_NO_COMMON_BLOCKS = YES;
				GCC_OPTIMIZATION_LEVEL = 0;
				GCC_PREPROCESSOR_DEFINITIONS = (
					"DEBUG=1",
					"$(inherited)",
				);
				GCC_WARN_64_TO_32_BIT_CONVERSION = YES;
				GCC_WARN_ABOUT_RETURN_TYPE = YES_ERROR;
				GCC_WARN_UNDECLARED_SELECTOR = YES;
				GCC_WARN_UNINITIALIZED_AUTOS = YES_AGGRESSIVE;
				GCC_WARN_UNUSED_FUNCTION = YES;
				GCC_WARN_UNUSED_VARIABLE = YES;
				IPHONEOS_DEPLOYMENT_TARGET = 9.3;
				MTL_ENABLE_DEBUG_INFO = YES;
				ONLY_ACTIVE_ARCH = YES;
				SDKROOT = iphoneos;
				SWIFT_OPTIMIZATION_LEVEL = "-Onone";
				TARGETED_DEVICE_FAMILY = 2;
			};
			name = Debug;
		};
		E64E538B1D678B8D0000EAA1 /* Release */ = {
			isa = XCBuildConfiguration;
			buildSettings = {
				ALWAYS_SEARCH_USER_PATHS = NO;
				CLANG_ANALYZER_NONNULL = YES;
				CLANG_CXX_LANGUAGE_STANDARD = "gnu++0x";
				CLANG_CXX_LIBRARY = "libc++";
				CLANG_ENABLE_MODULES = YES;
				CLANG_ENABLE_OBJC_ARC = YES;
				CLANG_WARN_BOOL_CONVERSION = YES;
				CLANG_WARN_CONSTANT_CONVERSION = YES;
				CLANG_WARN_DIRECT_OBJC_ISA_USAGE = YES_ERROR;
				CLANG_WARN_EMPTY_BODY = YES;
				CLANG_WARN_ENUM_CONVERSION = YES;
				CLANG_WARN_INT_CONVERSION = YES;
				CLANG_WARN_OBJC_ROOT_CLASS = YES_ERROR;
				CLANG_WARN_UNREACHABLE_CODE = YES;
				CLANG_WARN__DUPLICATE_METHOD_MATCH = YES;
				"CODE_SIGN_IDENTITY[sdk=iphoneos*]" = "iPhone Developer";
				COPY_PHASE_STRIP = NO;
				DEBUG_INFORMATION_FORMAT = "dwarf-with-dsym";
				ENABLE_NS_ASSERTIONS = NO;
				ENABLE_STRICT_OBJC_MSGSEND = YES;
				GCC_C_LANGUAGE_STANDARD = gnu99;
				GCC_NO_COMMON_BLOCKS = YES;
				GCC_WARN_64_TO_32_BIT_CONVERSION = YES;
				GCC_WARN_ABOUT_RETURN_TYPE = YES_ERROR;
				GCC_WARN_UNDECLARED_SELECTOR = YES;
				GCC_WARN_UNINITIALIZED_AUTOS = YES_AGGRESSIVE;
				GCC_WARN_UNUSED_FUNCTION = YES;
				GCC_WARN_UNUSED_VARIABLE = YES;
				IPHONEOS_DEPLOYMENT_TARGET = 9.3;
				MTL_ENABLE_DEBUG_INFO = NO;
				SDKROOT = iphoneos;
				TARGETED_DEVICE_FAMILY = 2;
				VALIDATE_PRODUCT = YES;
			};
			name = Release;
		};
		E64E538D1D678B8D0000EAA1 /* Debug */ = {
			isa = XCBuildConfiguration;
			buildSettings = {
				ASSETCATALOG_COMPILER_APPICON_NAME = AppIcon;
				INFOPLIST_FILE = "HWS-project26/Info.plist";
				LD_RUNPATH_SEARCH_PATHS = "$(inherited) @executable_path/Frameworks";
				PRODUCT_BUNDLE_IDENTIFIER = "io.github.prophen.HWS-project26";
				PRODUCT_NAME = "$(TARGET_NAME)";
			};
			name = Debug;
		};
		E64E538E1D678B8D0000EAA1 /* Release */ = {
			isa = XCBuildConfiguration;
			buildSettings = {
				ASSETCATALOG_COMPILER_APPICON_NAME = AppIcon;
				INFOPLIST_FILE = "HWS-project26/Info.plist";
				LD_RUNPATH_SEARCH_PATHS = "$(inherited) @executable_path/Frameworks";
				PRODUCT_BUNDLE_IDENTIFIER = "io.github.prophen.HWS-project26";
				PRODUCT_NAME = "$(TARGET_NAME)";
			};
			name = Release;
		};
/* End XCBuildConfiguration section */

/* Begin XCConfigurationList section */
		E64E53711D678B8C0000EAA1 /* Build configuration list for PBXProject "HWS-project26" */ = {
			isa = XCConfigurationList;
			buildConfigurations = (
				E64E538A1D678B8D0000EAA1 /* Debug */,
				E64E538B1D678B8D0000EAA1 /* Release */,
			);
			defaultConfigurationIsVisible = 0;
			defaultConfigurationName = Release;
		};
		E64E538C1D678B8D0000EAA1 /* Build configuration list for PBXNativeTarget "HWS-project26" */ = {
			isa = XCConfigurationList;
			buildConfigurations = (
				E64E538D1D678B8D0000EAA1 /* Debug */,
				E64E538E1D678B8D0000EAA1 /* Release */,
			);
			defaultConfigurationIsVisible = 0;
		};
/* End XCConfigurationList section */
	};
	rootObject = E64E536E1D678B8C0000EAA1 /* Project object */;
}
